
Microsoft Visual Studio Solution File, Format Version 12.00
# Visual Studio Version 17
VisualStudioVersion = 17.13.35828.75 d17.13
MinimumVisualStudioVersion = 10.0.40219.1
Project("{FAE04EC0-301F-11D3-BF4B-00C04F79EFBC}") = "IntransitiveDiceGame", "IntransitiveDiceGame\IntransitiveDiceGame.csproj", "{80967E4C-CBA0-4561-82D4-CCD67900CC0E}"
EndProject
Global
	GlobalSection(SolutionConfigurationPlatforms) = preSolution
		Debug|Any CPU = Debug|Any CPU
		Release|Any CPU = Release|Any CPU
	EndGlobalSection
	GlobalSection(ProjectConfigurationPlatforms) = postSolution
		{80967E4C-CBA0-4561-82D4-CCD67900CC0E}.Debug|Any CPU.ActiveCfg = Debug|Any CPU
		{80967E4C-CBA0-4561-82D4-CCD67900CC0E}.Debug|Any CPU.Build.0 = Debug|Any CPU
		{80967E4C-CBA0-4561-82D4-CCD67900CC0E}.Release|Any CPU.ActiveCfg = Release|Any CPU
		{80967E4C-CBA0-4561-82D4-CCD67900CC0E}.Release|Any CPU.Build.0 = Release|Any CPU
	EndGlobalSection
	GlobalSection(SolutionProperties) = preSolution
		HideSolutionNode = FALSE
	EndGlobalSection
	GlobalSection(ExtensibilityGlobals) = postSolution
		SolutionGuid = {EA49E246-36C4-4D85-B4E7-ADABD3DEFBBD}
	EndGlobalSection
EndGlobal
